{
  "name": "hippo-coin",
  "version": "1.0.0",
  "lockfileVersion": 2,
  "requires": true,
  "packages": {
    "": {
      "name": "hippo-coin",
      "version": "1.0.0",
      "license": "ISC",
      "dependencies": {
        "bad-words-jd": "^1.5.7"
      }
    },
    "node_modules/bad-words-jd": {
      "version": "1.5.7",
      "resolved": "https://registry.npmjs.org/bad-words-jd/-/bad-words-jd-1.5.7.tgz",
      "integrity": "sha512-gFjUoq8hGHTujfyH0pL04wzjalD7c2BSML+R6I0PtIXD712ZDKYZ7oofA2URpa3a2QFaSspfoCfnXCDVxbDVig==",
      "dependencies": {
        "badwords-list": "^1.0.0"
      }
    },
    "node_modules/badwords-list": {
      "version": "1.0.0",
      "resolved": "https://registry.npmjs.org/badwords-list/-/badwords-list-1.0.0.tgz",
      "integrity": "sha512-oWhaSG67e+HQj3OGHQt2ucP+vAPm1wTbdp2aDHeuh4xlGXBdWwzZ//pfu6swf5gZ8iX0b7JgmSo8BhgybbqszA=="
    }
  },
  "dependencies": {
    "bad-words-jd": {
      "version": "1.5.7",
      "resolved": "https://registry.npmjs.org/bad-words-jd/-/bad-words-jd-1.5.7.tgz",
      "integrity": "sha512-gFjUoq8hGHTujfyH0pL04wzjalD7c2BSML+R6I0PtIXD712ZDKYZ7oofA2URpa3a2QFaSspfoCfnXCDVxbDVig==",
      "requires": {
        "badwords-list": "^1.0.0"
      }
    },
    "badwords-list": {
      "version": "1.0.0",
      "resolved": "https://registry.npmjs.org/badwords-list/-/badwords-list-1.0.0.tgz",
      "integrity": "sha512-oWhaSG67e+HQj3OGHQt2ucP+vAPm1wTbdp2aDHeuh4xlGXBdWwzZ//pfu6swf5gZ8iX0b7JgmSo8BhgybbqszA=="
    }
  }
}
